
Microsoft Visual Studio Solution File, Format Version 12.00
# Visual Studio Version 17
VisualStudioVersion = 17.10.35027.167
MinimumVisualStudioVersion = 10.0.40219.1
Project("{FAE04EC0-301F-11D3-BF4B-00C04F79EFBC}") = "fubi_api", "fubi_api\fubi_api.csproj", "{ECFA51C3-7707-40CC-B193-5468D681E00E}"
EndProject
Global
	GlobalSection(SolutionConfigurationPlatforms) = preSolution
		Debug|Any CPU = Debug|Any CPU
		Release|Any CPU = Release|Any CPU
	EndGlobalSection
	GlobalSection(ProjectConfigurationPlatforms) = postSolution
		{ECFA51C3-7707-40CC-B193-5468D681E00E}.Debug|Any CPU.ActiveCfg = Debug|Any CPU
		{ECFA51C3-7707-40CC-B193-5468D681E00E}.Debug|Any CPU.Build.0 = Debug|Any CPU
		{ECFA51C3-7707-40CC-B193-5468D681E00E}.Release|Any CPU.ActiveCfg = Release|Any CPU
		{ECFA51C3-7707-40CC-B193-5468D681E00E}.Release|Any CPU.Build.0 = Release|Any CPU
	EndGlobalSection
	GlobalSection(SolutionProperties) = preSolution
		HideSolutionNode = FALSE
	EndGlobalSection
	GlobalSection(ExtensibilityGlobals) = postSolution
		SolutionGuid = {91443AE6-DD70-412A-B7B8-42CDE5F4400D}
	EndGlobalSection
EndGlobal
